
Microsoft Visual Studio Solution File, Format Version 12.00
# Visual Studio Version 16
VisualStudioVersion = 16.0.30717.126
MinimumVisualStudioVersion = 10.0.40219.1
Project("{FAE04EC0-301F-11D3-BF4B-00C04F79EFBC}") = "BugTracker.Web", "BugTracker.Web\BugTracker.Web.csproj", "{3CA8A471-9ECD-4422-8810-3D9E5E0B85B4}"
EndProject
Project("{FAE04EC0-301F-11D3-BF4B-00C04F79EFBC}") = "BugTracker.Web.Tests", "BugTracker.Web.Tests\BugTracker.Web.Tests.csproj", "{2051D7BC-89D6-4730-9BE7-FC31079FE4EF}"
EndProject
Project("{FAE04EC0-301F-11D3-BF4B-00C04F79EFBC}") = "BugTracker.Data", "BugTracker.Data\BugTracker.Data.csproj", "{C8D198B3-D7EA-4661-B37F-6B1B58859F41}"
EndProject
Project("{FAE04EC0-301F-11D3-BF4B-00C04F79EFBC}") = "BugTracker.WebCore", "BugTracker.WebCore\BugTracker.WebCore.csproj", "{977B8F29-5A1D-4622-9F59-8D718AF84A05}"
EndProject
Project("{FAE04EC0-301F-11D3-BF4B-00C04F79EFBC}") = "BugTracker.WebCore.Tests", "BugTracker.WebCore.Tests\BugTracker.WebCore.Tests.csproj", "{1C3B445D-B35F-4252-ADF2-4C1B4F0FE720}"
EndProject
Global
	GlobalSection(SolutionConfigurationPlatforms) = preSolution
		Debug|Any CPU = Debug|Any CPU
		Release|Any CPU = Release|Any CPU
	EndGlobalSection
	GlobalSection(ProjectConfigurationPlatforms) = postSolution
		{3CA8A471-9ECD-4422-8810-3D9E5E0B85B4}.Debug|Any CPU.ActiveCfg = Debug|Any CPU
		{3CA8A471-9ECD-4422-8810-3D9E5E0B85B4}.Debug|Any CPU.Build.0 = Debug|Any CPU
		{3CA8A471-9ECD-4422-8810-3D9E5E0B85B4}.Release|Any CPU.ActiveCfg = Release|Any CPU
		{3CA8A471-9ECD-4422-8810-3D9E5E0B85B4}.Release|Any CPU.Build.0 = Release|Any CPU
		{2051D7BC-89D6-4730-9BE7-FC31079FE4EF}.Debug|Any CPU.ActiveCfg = Debug|Any CPU
		{2051D7BC-89D6-4730-9BE7-FC31079FE4EF}.Debug|Any CPU.Build.0 = Debug|Any CPU
		{2051D7BC-89D6-4730-9BE7-FC31079FE4EF}.Release|Any CPU.ActiveCfg = Release|Any CPU
		{2051D7BC-89D6-4730-9BE7-FC31079FE4EF}.Release|Any CPU.Build.0 = Release|Any CPU
		{C8D198B3-D7EA-4661-B37F-6B1B58859F41}.Debug|Any CPU.ActiveCfg = Debug|Any CPU
		{C8D198B3-D7EA-4661-B37F-6B1B58859F41}.Debug|Any CPU.Build.0 = Debug|Any CPU
		{C8D198B3-D7EA-4661-B37F-6B1B58859F41}.Release|Any CPU.ActiveCfg = Release|Any CPU
		{C8D198B3-D7EA-4661-B37F-6B1B58859F41}.Release|Any CPU.Build.0 = Release|Any CPU
		{977B8F29-5A1D-4622-9F59-8D718AF84A05}.Debug|Any CPU.ActiveCfg = Debug|Any CPU
		{977B8F29-5A1D-4622-9F59-8D718AF84A05}.Debug|Any CPU.Build.0 = Debug|Any CPU
		{977B8F29-5A1D-4622-9F59-8D718AF84A05}.Release|Any CPU.ActiveCfg = Release|Any CPU
		{977B8F29-5A1D-4622-9F59-8D718AF84A05}.Release|Any CPU.Build.0 = Release|Any CPU
		{1C3B445D-B35F-4252-ADF2-4C1B4F0FE720}.Debug|Any CPU.ActiveCfg = Debug|Any CPU
		{1C3B445D-B35F-4252-ADF2-4C1B4F0FE720}.Debug|Any CPU.Build.0 = Debug|Any CPU
		{1C3B445D-B35F-4252-ADF2-4C1B4F0FE720}.Release|Any CPU.ActiveCfg = Release|Any CPU
		{1C3B445D-B35F-4252-ADF2-4C1B4F0FE720}.Release|Any CPU.Build.0 = Release|Any CPU
	EndGlobalSection
	GlobalSection(SolutionProperties) = preSolution
		HideSolutionNode = FALSE
	EndGlobalSection
	GlobalSection(ExtensibilityGlobals) = postSolution
		SolutionGuid = {2322DA36-474F-4F54-907E-4FD01F4094CB}
	EndGlobalSection
EndGlobal
